// !$*UTF8*$!
{
	archiveVersion = 1;
	classes = {
	};
	objectVersion = 56;
	objects = {

/* Begin PBXBuildFile section */
		32E0878E2AA9AA8E0042A803 /* swiftui_observation_combineApp.swift in Sources */ = {isa = PBXBuildFile; fileRef = 32E0878D2AA9AA8E0042A803 /* swiftui_observation_combineApp.swift */; };
		32E087922AA9AA900042A803 /* Assets.xcassets in Resources */ = {isa = PBXBuildFile; fileRef = 32E087912AA9AA900042A803 /* Assets.xcassets */; };
		32E087962AA9AA900042A803 /* Preview Assets.xcassets in Resources */ = {isa = PBXBuildFile; fileRef = 32E087952AA9AA900042A803 /* Preview Assets.xcassets */; };
		32E087A02AA9AA900042A803 /* swiftui_observation_combineTests.swift in Sources */ = {isa = PBXBuildFile; fileRef = 32E0879F2AA9AA900042A803 /* swiftui_observation_combineTests.swift */; };
		32E087AA2AA9AA900042A803 /* swiftui_observation_combineUITests.swift in Sources */ = {isa = PBXBuildFile; fileRef = 32E087A92AA9AA900042A803 /* swiftui_observation_combineUITests.swift */; };
		32E087AC2AA9AA900042A803 /* swiftui_observation_combineUITestsLaunchTests.swift in Sources */ = {isa = PBXBuildFile; fileRef = 32E087AB2AA9AA900042A803 /* swiftui_observation_combineUITestsLaunchTests.swift */; };
		32E087BA2AA9AADB0042A803 /* SampleView.swift in Sources */ = {isa = PBXBuildFile; fileRef = 32E087B82AA9AADB0042A803 /* SampleView.swift */; };
		32E087BB2AA9AADB0042A803 /* SampleViewModel.swift in Sources */ = {isa = PBXBuildFile; fileRef = 32E087B92AA9AADB0042A803 /* SampleViewModel.swift */; };
/* End PBXBuildFile section */

/* Begin PBXContainerItemProxy section */
		32E0879C2AA9AA900042A803 /* PBXContainerItemProxy */ = {
			isa = PBXContainerItemProxy;
			containerPortal = 32E087822AA9AA8E0042A803 /* Project object */;
			proxyType = 1;
			remoteGlobalIDString = 32E087892AA9AA8E0042A803;
			remoteInfo = "swiftui-observation-combine";
		};
		32E087A62AA9AA900042A803 /* PBXContainerItemProxy */ = {
			isa = PBXContainerItemProxy;
			containerPortal = 32E087822AA9AA8E0042A803 /* Project object */;
			proxyType = 1;
			remoteGlobalIDString = 32E087892AA9AA8E0042A803;
			remoteInfo = "swiftui-observation-combine";
		};
/* End PBXContainerItemProxy section */

/* Begin PBXFileReference section */
		32E0878A2AA9AA8E0042A803 /* swiftui-observation-combine.app */ = {isa = PBXFileReference; explicitFileType = wrapper.application; includeInIndex = 0; path = "swiftui-observation-combine.app"; sourceTree = BUILT_PRODUCTS_DIR; };
		32E0878D2AA9AA8E0042A803 /* swiftui_observation_combineApp.swift */ = {isa = PBXFileReference; lastKnownFileType = sourcecode.swift; path = swiftui_observation_combineApp.swift; sourceTree = "<group>"; };
		32E087912AA9AA900042A803 /* Assets.xcassets */ = {isa = PBXFileReference; lastKnownFileType = folder.assetcatalog; path = Assets.xcassets; sourceTree = "<group>"; };
		32E087932AA9AA900042A803 /* swiftui_observation_combine.entitlements */ = {isa = PBXFileReference; lastKnownFileType = text.plist.entitlements; path = swiftui_observation_combine.entitlements; sourceTree = "<group>"; };
		32E087952AA9AA900042A803 /* Preview Assets.xcassets */ = {isa = PBXFileReference; lastKnownFileType = folder.assetcatalog; path = "Preview Assets.xcassets"; sourceTree = "<group>"; };
		32E0879B2AA9AA900042A803 /* swiftui-observation-combineTests.xctest */ = {isa = PBXFileReference; explicitFileType = wrapper.cfbundle; includeInIndex = 0; path = "swiftui-observation-combineTests.xctest"; sourceTree = BUILT_PRODUCTS_DIR; };
		32E0879F2AA9AA900042A803 /* swiftui_observation_combineTests.swift */ = {isa = PBXFileReference; lastKnownFileType = sourcecode.swift; path = swiftui_observation_combineTests.swift; sourceTree = "<group>"; };
		32E087A52AA9AA900042A803 /* swiftui-observation-combineUITests.xctest */ = {isa = PBXFileReference; explicitFileType = wrapper.cfbundle; includeInIndex = 0; path = "swiftui-observation-combineUITests.xctest"; sourceTree = BUILT_PRODUCTS_DIR; };
		32E087A92AA9AA900042A803 /* swiftui_observation_combineUITests.swift */ = {isa = PBXFileReference; lastKnownFileType = sourcecode.swift; path = swiftui_observation_combineUITests.swift; sourceTree = "<group>"; };
		32E087AB2AA9AA900042A803 /* swiftui_observation_combineUITestsLaunchTests.swift */ = {isa = PBXFileReference; lastKnownFileType = sourcecode.swift; path = swiftui_observation_combineUITestsLaunchTests.swift; sourceTree = "<group>"; };
		32E087B82AA9AADB0042A803 /* SampleView.swift */ = {isa = PBXFileReference; fileEncoding = 4; lastKnownFileType = sourcecode.swift; path = SampleView.swift; sourceTree = "<group>"; };
		32E087B92AA9AADB0042A803 /* SampleViewModel.swift */ = {isa = PBXFileReference; fileEncoding = 4; lastKnownFileType = sourcecode.swift; path = SampleViewModel.swift; sourceTree = "<group>"; };
/* End PBXFileReference section */

/* Begin PBXFrameworksBuildPhase section */
		32E087872AA9AA8E0042A803 /* Frameworks */ = {
			isa = PBXFrameworksBuildPhase;
			buildActionMask = 2147483647;
			files = (
			);
			runOnlyForDeploymentPostprocessing = 0;
		};
		32E087982AA9AA900042A803 /* Frameworks */ = {
			isa = PBXFrameworksBuildPhase;
			buildActionMask = 2147483647;
			files = (
			);
			runOnlyForDeploymentPostprocessing = 0;
		};
		32E087A22AA9AA900042A803 /* Frameworks */ = {
			isa = PBXFrameworksBuildPhase;
			buildActionMask = 2147483647;
			files = (
			);
			runOnlyForDeploymentPostprocessing = 0;
		};
/* End PBXFrameworksBuildPhase section */

/* Begin PBXGroup section */
		32E087812AA9AA8E0042A803 = {
			isa = PBXGroup;
			children = (
				32E0878C2AA9AA8E0042A803 /* swiftui-observation-combine */,
				32E0879E2AA9AA900042A803 /* swiftui-observation-combineTests */,
				32E087A82AA9AA900042A803 /* swiftui-observation-combineUITests */,
				32E0878B2AA9AA8E0042A803 /* Products */,
			);
			sourceTree = "<group>";
		};
		32E0878B2AA9AA8E0042A803 /* Products */ = {
			isa = PBXGroup;
			children = (
				32E0878A2AA9AA8E0042A803 /* swiftui-observation-combine.app */,
				32E0879B2AA9AA900042A803 /* swiftui-observation-combineTests.xctest */,
				32E087A52AA9AA900042A803 /* swiftui-observation-combineUITests.xctest */,
			);
			name = Products;
			sourceTree = "<group>";
		};
		32E0878C2AA9AA8E0042A803 /* swiftui-observation-combine */ = {
			isa = PBXGroup;
			children = (
				32E0878D2AA9AA8E0042A803 /* swiftui_observation_combineApp.swift */,
				32E087B82AA9AADB0042A803 /* SampleView.swift */,
				32E087B92AA9AADB0042A803 /* SampleViewModel.swift */,
				32E087912AA9AA900042A803 /* Assets.xcassets */,
				32E087932AA9AA900042A803 /* swiftui_observation_combine.entitlements */,
				32E087942AA9AA900042A803 /* Preview Content */,
			);
			path = "swiftui-observation-combine";
			sourceTree = "<group>";
		};
		32E087942AA9AA900042A803 /* Preview Content */ = {
			isa = PBXGroup;
			children = (
				32E087952AA9AA900042A803 /* Preview Assets.xcassets */,
			);
			path = "Preview Content";
			sourceTree = "<group>";
		};
		32E0879E2AA9AA900042A803 /* swiftui-observation-combineTests */ = {
			isa = PBXGroup;
			children = (
				32E0879F2AA9AA900042A803 /* swiftui_observation_combineTests.swift */,
			);
			path = "swiftui-observation-combineTests";
			sourceTree = "<group>";
		};
		32E087A82AA9AA900042A803 /* swiftui-observation-combineUITests */ = {
			isa = PBXGroup;
			children = (
				32E087A92AA9AA900042A803 /* swiftui_observation_combineUITests.swift */,
				32E087AB2AA9AA900042A803 /* swiftui_observation_combineUITestsLaunchTests.swift */,
			);
			path = "swiftui-observation-combineUITests";
			sourceTree = "<group>";
		};
/* End PBXGroup section */

/* Begin PBXNativeTarget section */
		32E087892AA9AA8E0042A803 /* swiftui-observation-combine */ = {
			isa = PBXNativeTarget;
			buildConfigurationList = 32E087AF2AA9AA900042A803 /* Build configuration list for PBXNativeTarget "swiftui-observation-combine" */;
			buildPhases = (
				32E087862AA9AA8E0042A803 /* Sources */,
				32E087872AA9AA8E0042A803 /* Frameworks */,
				32E087882AA9AA8E0042A803 /* Resources */,
			);
			buildRules = (
			);
			dependencies = (
			);
			name = "swiftui-observation-combine";
			productName = "swiftui-observation-combine";
			productReference = 32E0878A2AA9AA8E0042A803 /* swiftui-observation-combine.app */;
			productType = "com.apple.product-type.application";
		};
		32E0879A2AA9AA900042A803 /* swiftui-observation-combineTests */ = {
			isa = PBXNativeTarget;
			buildConfigurationList = 32E087B22AA9AA900042A803 /* Build configuration list for PBXNativeTarget "swiftui-observation-combineTests" */;
			buildPhases = (
				32E087972AA9AA900042A803 /* Sources */,
				32E087982AA9AA900042A803 /* Frameworks */,
				32E087992AA9AA900042A803 /* Resources */,
			);
			buildRules = (
			);
			dependencies = (
				32E0879D2AA9AA900042A803 /* PBXTargetDependency */,
			);
			name = "swiftui-observation-combineTests";
			productName = "swiftui-observation-combineTests";
			productReference = 32E0879B2AA9AA900042A803 /* swiftui-observation-combineTests.xctest */;
			productType = "com.apple.product-type.bundle.unit-test";
		};
		32E087A42AA9AA900042A803 /* swiftui-observation-combineUITests */ = {
			isa = PBXNativeTarget;
			buildConfigurationList = 32E087B52AA9AA900042A803 /* Build configuration list for PBXNativeTarget "swiftui-observation-combineUITests" */;
			buildPhases = (
				32E087A12AA9AA900042A803 /* Sources */,
				32E087A22AA9AA900042A803 /* Frameworks */,
				32E087A32AA9AA900042A803 /* Resources */,
			);
			buildRules = (
			);
			dependencies = (
				32E087A72AA9AA900042A803 /* PBXTargetDependency */,
			);
			name = "swiftui-observation-combineUITests";
			productName = "swiftui-observation-combineUITests";
			productReference = 32E087A52AA9AA900042A803 /* swiftui-observation-combineUITests.xctest */;
			productType = "com.apple.product-type.bundle.ui-testing";
		};
/* End PBXNativeTarget section */

/* Begin PBXProject section */
		32E087822AA9AA8E0042A803 /* Project object */ = {
			isa = PBXProject;
			attributes = {
				BuildIndependentTargetsInParallel = 1;
				LastSwiftUpdateCheck = 1500;
				LastUpgradeCheck = 1500;
				TargetAttributes = {
					32E087892AA9AA8E0042A803 = {
						CreatedOnToolsVersion = 15.0;
					};
					32E0879A2AA9AA900042A803 = {
						CreatedOnToolsVersion = 15.0;
						TestTargetID = 32E087892AA9AA8E0042A803;
					};
					32E087A42AA9AA900042A803 = {
						CreatedOnToolsVersion = 15.0;
						TestTargetID = 32E087892AA9AA8E0042A803;
					};
				};
			};
			buildConfigurationList = 32E087852AA9AA8E0042A803 /* Build configuration list for PBXProject "swiftui-observation-combine" */;
			compatibilityVersion = "Xcode 14.0";
			developmentRegion = en;
			hasScannedForEncodings = 0;
			knownRegions = (
				en,
				Base,
			);
			mainGroup = 32E087812AA9AA8E0042A803;
			productRefGroup = 32E0878B2AA9AA8E0042A803 /* Products */;
			projectDirPath = "";
			projectRoot = "";
			targets = (
				32E087892AA9AA8E0042A803 /* swiftui-observation-combine */,
				32E0879A2AA9AA900042A803 /* swiftui-observation-combineTests */,
				32E087A42AA9AA900042A803 /* swiftui-observation-combineUITests */,
			);
		};
/* End PBXProject section */

/* Begin PBXResourcesBuildPhase section */
		32E087882AA9AA8E0042A803 /* Resources */ = {
			isa = PBXResourcesBuildPhase;
			buildActionMask = 2147483647;
			files = (
				32E087962AA9AA900042A803 /* Preview Assets.xcassets in Resources */,
				32E087922AA9AA900042A803 /* Assets.xcassets in Resources */,
			);
			runOnlyForDeploymentPostprocessing = 0;
		};
		32E087992AA9AA900042A803 /* Resources */ = {
			isa = PBXResourcesBuildPhase;
			buildActionMask = 2147483647;
			files = (
			);
			runOnlyForDeploymentPostprocessing = 0;
		};
		32E087A32AA9AA900042A803 /* Resources */ = {
			isa = PBXResourcesBuildPhase;
			buildActionMask = 2147483647;
			files = (
			);
			runOnlyForDeploymentPostprocessing = 0;
		};
/* End PBXResourcesBuildPhase section */

/* Begin PBXSourcesBuildPhase section */
		32E087862AA9AA8E0042A803 /* Sources */ = {
			isa = PBXSourcesBuildPhase;
			buildActionMask = 2147483647;
			files = (
				32E087BA2AA9AADB0042A803 /* SampleView.swift in Sources */,
				32E087BB2AA9AADB0042A803 /* SampleViewModel.swift in Sources */,
				32E0878E2AA9AA8E0042A803 /* swiftui_observation_combineApp.swift in Sources */,
			);
			runOnlyForDeploymentPostprocessing = 0;
		};
		32E087972AA9AA900042A803 /* Sources */ = {
			isa = PBXSourcesBuildPhase;
			buildActionMask = 2147483647;
			files = (
				32E087A02AA9AA900042A803 /* swiftui_observation_combineTests.swift in Sources */,
			);
			runOnlyForDeploymentPostprocessing = 0;
		};
		32E087A12AA9AA900042A803 /* Sources */ = {
			isa = PBXSourcesBuildPhase;
			buildActionMask = 2147483647;
			files = (
				32E087AA2AA9AA900042A803 /* swiftui_observation_combineUITests.swift in Sources */,
				32E087AC2AA9AA900042A803 /* swiftui_observation_combineUITestsLaunchTests.swift in Sources */,
			);
			runOnlyForDeploymentPostprocessing = 0;
		};
/* End PBXSourcesBuildPhase section */

/* Begin PBXTargetDependency section */
		32E0879D2AA9AA900042A803 /* PBXTargetDependency */ = {
			isa = PBXTargetDependency;
			target = 32E087892AA9AA8E0042A803 /* swiftui-observation-combine */;
			targetProxy = 32E0879C2AA9AA900042A803 /* PBXContainerItemProxy */;
		};
		32E087A72AA9AA900042A803 /* PBXTargetDependency */ = {
			isa = PBXTargetDependency;
			target = 32E087892AA9AA8E0042A803 /* swiftui-observation-combine */;
			targetProxy = 32E087A62AA9AA900042A803 /* PBXContainerItemProxy */;
		};
/* End PBXTargetDependency section */

/* Begin XCBuildConfiguration section */
		32E087AD2AA9AA900042A803 /* Debug */ = {
			isa = XCBuildConfiguration;
			buildSettings = {
				ALWAYS_SEARCH_USER_PATHS = NO;
				ASSETCATALOG_COMPILER_GENERATE_SWIFT_ASSET_SYMBOL_EXTENSIONS = YES;
				CLANG_ANALYZER_NONNULL = YES;
				CLANG_ANALYZER_NUMBER_OBJECT_CONVERSION = YES_AGGRESSIVE;
				CLANG_CXX_LANGUAGE_STANDARD = "gnu++20";
				CLANG_ENABLE_MODULES = YES;
				CLANG_ENABLE_OBJC_ARC = YES;
				CLANG_ENABLE_OBJC_WEAK = YES;
				CLANG_WARN_BLOCK_CAPTURE_AUTORELEASING = YES;
				CLANG_WARN_BOOL_CONVERSION = YES;
				CLANG_WARN_COMMA = YES;
				CLANG_WARN_CONSTANT_CONVERSION = YES;
				CLANG_WARN_DEPRECATED_OBJC_IMPLEMENTATIONS = YES;
				CLANG_WARN_DIRECT_OBJC_ISA_USAGE = YES_ERROR;
				CLANG_WARN_DOCUMENTATION_COMMENTS = YES;
				CLANG_WARN_EMPTY_BODY = YES;
				CLANG_WARN_ENUM_CONVERSION = YES;
				CLANG_WARN_INFINITE_RECURSION = YES;
				CLANG_WARN_INT_CONVERSION = YES;
				CLANG_WARN_NON_LITERAL_NULL_CONVERSION = YES;
				CLANG_WARN_OBJC_IMPLICIT_RETAIN_SELF = YES;
				CLANG_WARN_OBJC_LITERAL_CONVERSION = YES;
				CLANG_WARN_OBJC_ROOT_CLASS = YES_ERROR;
				CLANG_WARN_QUOTED_INCLUDE_IN_FRAMEWORK_HEADER = YES;
				CLANG_WARN_RANGE_LOOP_ANALYSIS = YES;
				CLANG_WARN_STRICT_PROTOTYPES = YES;
				CLANG_WARN_SUSPICIOUS_MOVE = YES;
				CLANG_WARN_UNGUARDED_AVAILABILITY = YES_AGGRESSIVE;
				CLANG_WARN_UNREACHABLE_CODE = YES;
				CLANG_WARN__DUPLICATE_METHOD_MATCH = YES;
				COPY_PHASE_STRIP = NO;
				DEBUG_INFORMATION_FORMAT = dwarf;
				ENABLE_STRICT_OBJC_MSGSEND = YES;
				ENABLE_TESTABILITY = YES;
				ENABLE_USER_SCRIPT_SANDBOXING = YES;
				GCC_C_LANGUAGE_STANDARD = gnu17;
				GCC_DYNAMIC_NO_PIC = NO;
				GCC_NO_COMMON_BLOCKS = YES;
				GCC_OPTIMIZATION_LEVEL = 0;
				GCC_PREPROCESSOR_DEFINITIONS = (
					"DEBUG=1",
					"$(inherited)",
				);
				GCC_WARN_64_TO_32_BIT_CONVERSION = YES;
				GCC_WARN_ABOUT_RETURN_TYPE = YES_ERROR;
				GCC_WARN_UNDECLARED_SELECTOR = YES;
				GCC_WARN_UNINITIALIZED_AUTOS = YES_AGGRESSIVE;
				GCC_WARN_UNUSED_FUNCTION = YES;
				GCC_WARN_UNUSED_VARIABLE = YES;
				IPHONEOS_DEPLOYMENT_TARGET = 17.0;
				LOCALIZATION_PREFERS_STRING_CATALOGS = YES;
				MACOSX_DEPLOYMENT_TARGET = 14.0;
				MTL_ENABLE_DEBUG_INFO = INCLUDE_SOURCE;
				MTL_FAST_MATH = YES;
				ONLY_ACTIVE_ARCH = YES;
				SWIFT_ACTIVE_COMPILATION_CONDITIONS = "DEBUG $(inherited)";
				SWIFT_OPTIMIZATION_LEVEL = "-Onone";
			};
			name = Debug;
		};
		32E087AE2AA9AA900042A803 /* Release */ = {
			isa = XCBuildConfiguration;
			buildSettings = {
				ALWAYS_SEARCH_USER_PATHS = NO;
				ASSETCATALOG_COMPILER_GENERATE_SWIFT_ASSET_SYMBOL_EXTENSIONS = YES;
				CLANG_ANALYZER_NONNULL = YES;
				CLANG_ANALYZER_NUMBER_OBJECT_CONVERSION = YES_AGGRESSIVE;
				CLANG_CXX_LANGUAGE_STANDARD = "gnu++20";
				CLANG_ENABLE_MODULES = YES;
				CLANG_ENABLE_OBJC_ARC = YES;
				CLANG_ENABLE_OBJC_WEAK = YES;
				CLANG_WARN_BLOCK_CAPTURE_AUTORELEASING = YES;
				CLANG_WARN_BOOL_CONVERSION = YES;
				CLANG_WARN_COMMA = YES;
				CLANG_WARN_CONSTANT_CONVERSION = YES;
				CLANG_WARN_DEPRECATED_OBJC_IMPLEMENTATIONS = YES;
				CLANG_WARN_DIRECT_OBJC_ISA_USAGE = YES_ERROR;
				CLANG_WARN_DOCUMENTATION_COMMENTS = YES;
				CLANG_WARN_EMPTY_BODY = YES;
				CLANG_WARN_ENUM_CONVERSION = YES;
				CLANG_WARN_INFINITE_RECURSION = YES;
				CLANG_WARN_INT_CONVERSION = YES;
				CLANG_WARN_NON_LITERAL_NULL_CONVERSION = YES;
				CLANG_WARN_OBJC_IMPLICIT_RETAIN_SELF = YES;
				CLANG_WARN_OBJC_LITERAL_CONVERSION = YES;
				CLANG_WARN_OBJC_ROOT_CLASS = YES_ERROR;
				CLANG_WARN_QUOTED_INCLUDE_IN_FRAMEWORK_HEADER = YES;
				CLANG_WARN_RANGE_LOOP_ANALYSIS = YES;
				CLANG_WARN_STRICT_PROTOTYPES = YES;
				CLANG_WARN_SUSPICIOUS_MOVE = YES;
				CLANG_WARN_UNGUARDED_AVAILABILITY = YES_AGGRESSIVE;
				CLANG_WARN_UNREACHABLE_CODE = YES;
				CLANG_WARN__DUPLICATE_METHOD_MATCH = YES;
				COPY_PHASE_STRIP = NO;
				DEBUG_INFORMATION_FORMAT = "dwarf-with-dsym";
				ENABLE_NS_ASSERTIONS = NO;
				ENABLE_STRICT_OBJC_MSGSEND = YES;
				ENABLE_USER_SCRIPT_SANDBOXING = YES;
				GCC_C_LANGUAGE_STANDARD = gnu17;
				GCC_NO_COMMON_BLOCKS = YES;
				GCC_WARN_64_TO_32_BIT_CONVERSION = YES;
				GCC_WARN_ABOUT_RETURN_TYPE = YES_ERROR;
				GCC_WARN_UNDECLARED_SELECTOR = YES;
				GCC_WARN_UNINITIALIZED_AUTOS = YES_AGGRESSIVE;
				GCC_WARN_UNUSED_FUNCTION = YES;
				GCC_WARN_UNUSED_VARIABLE = YES;
				IPHONEOS_DEPLOYMENT_TARGET = 17.0;
				LOCALIZATION_PREFERS_STRING_CATALOGS = YES;
				MACOSX_DEPLOYMENT_TARGET = 14.0;
				MTL_ENABLE_DEBUG_INFO = NO;
				MTL_FAST_MATH = YES;
				SWIFT_COMPILATION_MODE = wholemodule;
			};
			name = Release;
		};
		32E087B02AA9AA900042A803 /* Debug */ = {
			isa = XCBuildConfiguration;
			buildSettings = {
				ASSETCATALOG_COMPILER_APPICON_NAME = AppIcon;
				ASSETCATALOG_COMPILER_GLOBAL_ACCENT_COLOR_NAME = AccentColor;
				CODE_SIGN_ENTITLEMENTS = "swiftui-observation-combine/swiftui_observation_combine.entitlements";
				CODE_SIGN_STYLE = Automatic;
				CURRENT_PROJECT_VERSION = 1;
				DEVELOPMENT_ASSET_PATHS = "\"swiftui-observation-combine/Preview Content\"";
				DEVELOPMENT_TEAM = JHT4FL54H9;
				ENABLE_HARDENED_RUNTIME = YES;
				ENABLE_PREVIEWS = YES;
				GENERATE_INFOPLIST_FILE = YES;
				"INFOPLIST_KEY_UIApplicationSceneManifest_Generation[sdk=iphoneos*]" = YES;
				"INFOPLIST_KEY_UIApplicationSceneManifest_Generation[sdk=iphonesimulator*]" = YES;
				"INFOPLIST_KEY_UIApplicationSupportsIndirectInputEvents[sdk=iphoneos*]" = YES;
				"INFOPLIST_KEY_UIApplicationSupportsIndirectInputEvents[sdk=iphonesimulator*]" = YES;
				"INFOPLIST_KEY_UILaunchScreen_Generation[sdk=iphoneos*]" = YES;
				"INFOPLIST_KEY_UILaunchScreen_Generation[sdk=iphonesimulator*]" = YES;
				"INFOPLIST_KEY_UIStatusBarStyle[sdk=iphoneos*]" = UIStatusBarStyleDefault;
				"INFOPLIST_KEY_UIStatusBarStyle[sdk=iphonesimulator*]" = UIStatusBarStyleDefault;
				INFOPLIST_KEY_UISupportedInterfaceOrientations_iPad = "UIInterfaceOrientationPortrait UIInterfaceOrientationPortraitUpsideDown UIInterfaceOrientationLandscapeLeft UIInterfaceOrientationLandscapeRight";
				INFOPLIST_KEY_UISupportedInterfaceOrientations_iPhone = "UIInterfaceOrientationPortrait UIInterfaceOrientationLandscapeLeft UIInterfaceOrientationLandscapeRight";
				IPHONEOS_DEPLOYMENT_TARGET = 17.0;
				LD_RUNPATH_SEARCH_PATHS = "@executable_path/Frameworks";
				"LD_RUNPATH_SEARCH_PATHS[sdk=macosx*]" = "@executable_path/../Frameworks";
				MACOSX_DEPLOYMENT_TARGET = 14.0;
				MARKETING_VERSION = 1.0;
				PRODUCT_BUNDLE_IDENTIFIER = "xyz.woter.swiftui-observation-combine";
				PRODUCT_NAME = "$(TARGET_NAME)";
				SDKROOT = auto;
				SUPPORTED_PLATFORMS = "iphoneos iphonesimulator macosx";
				SWIFT_EMIT_LOC_STRINGS = YES;
				SWIFT_VERSION = 5.0;
				TARGETED_DEVICE_FAMILY = "1,2";
			};
			name = Debug;
		};
		32E087B12AA9AA900042A803 /* Release */ = {
			isa = XCBuildConfiguration;
			buildSettings = {
				ASSETCATALOG_COMPILER_APPICON_NAME = AppIcon;
				ASSETCATALOG_COMPILER_GLOBAL_ACCENT_COLOR_NAME = AccentColor;
				CODE_SIGN_ENTITLEMENTS = "swiftui-observation-combine/swiftui_observation_combine.entitlements";
				CODE_SIGN_STYLE = Automatic;
				CURRENT_PROJECT_VERSION = 1;
				DEVELOPMENT_ASSET_PATHS = "\"swiftui-observation-combine/Preview Content\"";
				DEVELOPMENT_TEAM = JHT4FL54H9;
				ENABLE_HARDENED_RUNTIME = YES;
				ENABLE_PREVIEWS = YES;
				GENERATE_INFOPLIST_FILE = YES;
				"INFOPLIST_KEY_UIApplicationSceneManifest_Generation[sdk=iphoneos*]" = YES;
				"INFOPLIST_KEY_UIApplicationSceneManifest_Generation[sdk=iphonesimulator*]" = YES;
				"INFOPLIST_KEY_UIApplicationSupportsIndirectInputEvents[sdk=iphoneos*]" = YES;
				"INFOPLIST_KEY_UIApplicationSupportsIndirectInputEvents[sdk=iphonesimulator*]" = YES;
				"INFOPLIST_KEY_UILaunchScreen_Generation[sdk=iphoneos*]" = YES;
				"INFOPLIST_KEY_UILaunchScreen_Generation[sdk=iphonesimulator*]" = YES;
				"INFOPLIST_KEY_UIStatusBarStyle[sdk=iphoneos*]" = UIStatusBarStyleDefault;
				"INFOPLIST_KEY_UIStatusBarStyle[sdk=iphonesimulator*]" = UIStatusBarStyleDefault;
				INFOPLIST_KEY_UISupportedInterfaceOrientations_iPad = "UIInterfaceOrientationPortrait UIInterfaceOrientationPortraitUpsideDown UIInterfaceOrientationLandscapeLeft UIInterfaceOrientationLandscapeRight";
				INFOPLIST_KEY_UISupportedInterfaceOrientations_iPhone = "UIInterfaceOrientationPortrait UIInterfaceOrientationLandscapeLeft UIInterfaceOrientationLandscapeRight";
				IPHONEOS_DEPLOYMENT_TARGET = 17.0;
				LD_RUNPATH_SEARCH_PATHS = "@executable_path/Frameworks";
				"LD_RUNPATH_SEARCH_PATHS[sdk=macosx*]" = "@executable_path/../Frameworks";
				MACOSX_DEPLOYMENT_TARGET = 14.0;
				MARKETING_VERSION = 1.0;
				PRODUCT_BUNDLE_IDENTIFIER = "xyz.woter.swiftui-observation-combine";
				PRODUCT_NAME = "$(TARGET_NAME)";
				SDKROOT = auto;
				SUPPORTED_PLATFORMS = "iphoneos iphonesimulator macosx";
				SWIFT_EMIT_LOC_STRINGS = YES;
				SWIFT_VERSION = 5.0;
				TARGETED_DEVICE_FAMILY = "1,2";
			};
			name = Release;
		};
		32E087B32AA9AA900042A803 /* Debug */ = {
			isa = XCBuildConfiguration;
			buildSettings = {
				ALWAYS_EMBED_SWIFT_STANDARD_LIBRARIES = YES;
				BUNDLE_LOADER = "$(TEST_HOST)";
				CODE_SIGN_STYLE = Automatic;
				CURRENT_PROJECT_VERSION = 1;
				DEVELOPMENT_TEAM = JHT4FL54H9;
				GENERATE_INFOPLIST_FILE = YES;
				IPHONEOS_DEPLOYMENT_TARGET = 17.0;
				MACOSX_DEPLOYMENT_TARGET = 13.4;
				MARKETING_VERSION = 1.0;
				PRODUCT_BUNDLE_IDENTIFIER = "xyz.woter.swiftui-observation-combineTests";
				PRODUCT_NAME = "$(TARGET_NAME)";
				SDKROOT = auto;
				SUPPORTED_PLATFORMS = "iphoneos iphonesimulator macosx";
				SWIFT_EMIT_LOC_STRINGS = NO;
				SWIFT_VERSION = 5.0;
				TARGETED_DEVICE_FAMILY = "1,2";
				TEST_HOST = "$(BUILT_PRODUCTS_DIR)/swiftui-observation-combine.app/$(BUNDLE_EXECUTABLE_FOLDER_PATH)/swiftui-observation-combine";
			};
			name = Debug;
		};
		32E087B42AA9AA900042A803 /* Release */ = {
			isa = XCBuildConfiguration;
			buildSettings = {
				ALWAYS_EMBED_SWIFT_STANDARD_LIBRARIES = YES;
				BUNDLE_LOADER = "$(TEST_HOST)";
				CODE_SIGN_STYLE = Automatic;
				CURRENT_PROJECT_VERSION = 1;
				DEVELOPMENT_TEAM = JHT4FL54H9;
				GENERATE_INFOPLIST_FILE = YES;
				IPHONEOS_DEPLOYMENT_TARGET = 17.0;
				MACOSX_DEPLOYMENT_TARGET = 13.4;
				MARKETING_VERSION = 1.0;
				PRODUCT_BUNDLE_IDENTIFIER = "xyz.woter.swiftui-observation-combineTests";
				PRODUCT_NAME = "$(TARGET_NAME)";
				SDKROOT = auto;
				SUPPORTED_PLATFORMS = "iphoneos iphonesimulator macosx";
				SWIFT_EMIT_LOC_STRINGS = NO;
				SWIFT_VERSION = 5.0;
				TARGETED_DEVICE_FAMILY = "1,2";
				TEST_HOST = "$(BUILT_PRODUCTS_DIR)/swiftui-observation-combine.app/$(BUNDLE_EXECUTABLE_FOLDER_PATH)/swiftui-observation-combine";
			};
			name = Release;
		};
		32E087B62AA9AA900042A803 /* Debug */ = {
			isa = XCBuildConfiguration;
			buildSettings = {
				ALWAYS_EMBED_SWIFT_STANDARD_LIBRARIES = YES;
				CODE_SIGN_STYLE = Automatic;
				CURRENT_PROJECT_VERSION = 1;
				DEVELOPMENT_TEAM = JHT4FL54H9;
				GENERATE_INFOPLIST_FILE = YES;
				IPHONEOS_DEPLOYMENT_TARGET = 17.0;
				MACOSX_DEPLOYMENT_TARGET = 13.4;
				MARKETING_VERSION = 1.0;
				PRODUCT_BUNDLE_IDENTIFIER = "xyz.woter.swiftui-observation-combineUITests";
				PRODUCT_NAME = "$(TARGET_NAME)";
				SDKROOT = auto;
				SUPPORTED_PLATFORMS = "iphoneos iphonesimulator macosx";
				SWIFT_EMIT_LOC_STRINGS = NO;
				SWIFT_VERSION = 5.0;
				TARGETED_DEVICE_FAMILY = "1,2";
				TEST_TARGET_NAME = "swiftui-observation-combine";
			};
			name = Debug;
		};
		32E087B72AA9AA900042A803 /* Release */ = {
			isa = XCBuildConfiguration;
			buildSettings = {
				ALWAYS_EMBED_SWIFT_STANDARD_LIBRARIES = YES;
				CODE_SIGN_STYLE = Automatic;
				CURRENT_PROJECT_VERSION = 1;
				DEVELOPMENT_TEAM = JHT4FL54H9;
				GENERATE_INFOPLIST_FILE = YES;
				IPHONEOS_DEPLOYMENT_TARGET = 17.0;
				MACOSX_DEPLOYMENT_TARGET = 13.4;
				MARKETING_VERSION = 1.0;
				PRODUCT_BUNDLE_IDENTIFIER = "xyz.woter.swiftui-observation-combineUITests";
				PRODUCT_NAME = "$(TARGET_NAME)";
				SDKROOT = auto;
				SUPPORTED_PLATFORMS = "iphoneos iphonesimulator macosx";
				SWIFT_EMIT_LOC_STRINGS = NO;
				SWIFT_VERSION = 5.0;
				TARGETED_DEVICE_FAMILY = "1,2";
				TEST_TARGET_NAME = "swiftui-observation-combine";
			};
			name = Release;
		};
/* End XCBuildConfiguration section */

/* Begin XCConfigurationList section */
		32E087852AA9AA8E0042A803 /* Build configuration list for PBXProject "swiftui-observation-combine" */ = {
			isa = XCConfigurationList;
			buildConfigurations = (
				32E087AD2AA9AA900042A803 /* Debug */,
				32E087AE2AA9AA900042A803 /* Release */,
			);
			defaultConfigurationIsVisible = 0;
			defaultConfigurationName = Release;
		};
		32E087AF2AA9AA900042A803 /* Build configuration list for PBXNativeTarget "swiftui-observation-combine" */ = {
			isa = XCConfigurationList;
			buildConfigurations = (
				32E087B02AA9AA900042A803 /* Debug */,
				32E087B12AA9AA900042A803 /* Release */,
			);
			defaultConfigurationIsVisible = 0;
			defaultConfigurationName = Release;
		};
		32E087B22AA9AA900042A803 /* Build configuration list for PBXNativeTarget "swiftui-observation-combineTests" */ = {
			isa = XCConfigurationList;
			buildConfigurations = (
				32E087B32AA9AA900042A803 /* Debug */,
				32E087B42AA9AA900042A803 /* Release */,
			);
			defaultConfigurationIsVisible = 0;
			defaultConfigurationName = Release;
		};
		32E087B52AA9AA900042A803 /* Build configuration list for PBXNativeTarget "swiftui-observation-combineUITests" */ = {
			isa = XCConfigurationList;
			buildConfigurations = (
				32E087B62AA9AA900042A803 /* Debug */,
				32E087B72AA9AA900042A803 /* Release */,
			);
			defaultConfigurationIsVisible = 0;
			defaultConfigurationName = Release;
		};
/* End XCConfigurationList section */
	};
	rootObject = 32E087822AA9AA8E0042A803 /* Project object */;
}
