// !$*UTF8*$!
{
	archiveVersion = 1;
	classes = {
	};
	objectVersion = 56;
	objects = {

/* Begin PBXBuildFile section */
		6925658F29D72529002A2C28 /* main.swift in Sources */ = {isa = PBXBuildFile; fileRef = 6925658E29D72529002A2C28 /* main.swift */; };
		693B8F672928DE06005BF8BC /* main.swift in Sources */ = {isa = PBXBuildFile; fileRef = 693B8F662928DE06005BF8BC /* main.swift */; };
		693B8F6B2928E974005BF8BC /* PrintLog.swift in Sources */ = {isa = PBXBuildFile; fileRef = 693B8F5E2928DDD5005BF8BC /* PrintLog.swift */; };
		693B8F732928E982005BF8BC /* main.swift in Sources */ = {isa = PBXBuildFile; fileRef = 693B8F722928E982005BF8BC /* main.swift */; };
		693B8F772928E998005BF8BC /* PrintLog.swift in Sources */ = {isa = PBXBuildFile; fileRef = 693B8F5E2928DDD5005BF8BC /* PrintLog.swift */; };
/* End PBXBuildFile section */

/* Begin PBXCopyFilesBuildPhase section */
		6925658A29D72529002A2C28 /* CopyFiles */ = {
			isa = PBXCopyFilesBuildPhase;
			buildActionMask = 2147483647;
			dstPath = /usr/share/man/man1/;
			dstSubfolderSpec = 0;
			files = (
			);
			runOnlyForDeploymentPostprocessing = 1;
		};
		693B8F622928DE06005BF8BC /* CopyFiles */ = {
			isa = PBXCopyFilesBuildPhase;
			buildActionMask = 2147483647;
			dstPath = /usr/share/man/man1/;
			dstSubfolderSpec = 0;
			files = (
			);
			runOnlyForDeploymentPostprocessing = 1;
		};
		693B8F6E2928E982005BF8BC /* CopyFiles */ = {
			isa = PBXCopyFilesBuildPhase;
			buildActionMask = 2147483647;
			dstPath = /usr/share/man/man1/;
			dstSubfolderSpec = 0;
			files = (
			);
			runOnlyForDeploymentPostprocessing = 1;
		};
/* End PBXCopyFilesBuildPhase section */

/* Begin PBXFileReference section */
		6925658C29D72529002A2C28 /* Swift5.8 */ = {isa = PBXFileReference; explicitFileType = "compiled.mach-o.executable"; includeInIndex = 0; path = Swift5.8; sourceTree = BUILT_PRODUCTS_DIR; };
		6925658E29D72529002A2C28 /* main.swift */ = {isa = PBXFileReference; lastKnownFileType = sourcecode.swift; path = main.swift; sourceTree = "<group>"; };
		693B8F5E2928DDD5005BF8BC /* PrintLog.swift */ = {isa = PBXFileReference; lastKnownFileType = sourcecode.swift; path = PrintLog.swift; sourceTree = "<group>"; };
		693B8F642928DE06005BF8BC /* any-some */ = {isa = PBXFileReference; explicitFileType = "compiled.mach-o.executable"; includeInIndex = 0; path = "any-some"; sourceTree = BUILT_PRODUCTS_DIR; };
		693B8F662928DE06005BF8BC /* main.swift */ = {isa = PBXFileReference; lastKnownFileType = sourcecode.swift; path = main.swift; sourceTree = "<group>"; };
		693B8F702928E982005BF8BC /* Swift5.7 */ = {isa = PBXFileReference; explicitFileType = "compiled.mach-o.executable"; includeInIndex = 0; path = Swift5.7; sourceTree = BUILT_PRODUCTS_DIR; };
		693B8F722928E982005BF8BC /* main.swift */ = {isa = PBXFileReference; lastKnownFileType = sourcecode.swift; path = main.swift; sourceTree = "<group>"; };
/* End PBXFileReference section */

/* Begin PBXFrameworksBuildPhase section */
		6925658929D72529002A2C28 /* Frameworks */ = {
			isa = PBXFrameworksBuildPhase;
			buildActionMask = 2147483647;
			files = (
			);
			runOnlyForDeploymentPostprocessing = 0;
		};
		693B8F612928DE06005BF8BC /* Frameworks */ = {
			isa = PBXFrameworksBuildPhase;
			buildActionMask = 2147483647;
			files = (
			);
			runOnlyForDeploymentPostprocessing = 0;
		};
		693B8F6D2928E982005BF8BC /* Frameworks */ = {
			isa = PBXFrameworksBuildPhase;
			buildActionMask = 2147483647;
			files = (
			);
			runOnlyForDeploymentPostprocessing = 0;
		};
/* End PBXFrameworksBuildPhase section */

/* Begin PBXGroup section */
		6925658D29D72529002A2C28 /* Swift5.8 */ = {
			isa = PBXGroup;
			children = (
				6925658E29D72529002A2C28 /* main.swift */,
			);
			path = Swift5.8;
			sourceTree = "<group>";
		};
		693B8F4B2928DD4F005BF8BC = {
			isa = PBXGroup;
			children = (
				693B8F5E2928DDD5005BF8BC /* PrintLog.swift */,
				693B8F652928DE06005BF8BC /* any-some */,
				693B8F712928E982005BF8BC /* Swift5.7 */,
				6925658D29D72529002A2C28 /* Swift5.8 */,
				693B8F552928DD4F005BF8BC /* Products */,
			);
			sourceTree = "<group>";
		};
		693B8F552928DD4F005BF8BC /* Products */ = {
			isa = PBXGroup;
			children = (
				693B8F642928DE06005BF8BC /* any-some */,
				693B8F702928E982005BF8BC /* Swift5.7 */,
				6925658C29D72529002A2C28 /* Swift5.8 */,
			);
			name = Products;
			sourceTree = "<group>";
		};
		693B8F652928DE06005BF8BC /* any-some */ = {
			isa = PBXGroup;
			children = (
				693B8F662928DE06005BF8BC /* main.swift */,
			);
			path = "any-some";
			sourceTree = "<group>";
		};
		693B8F712928E982005BF8BC /* Swift5.7 */ = {
			isa = PBXGroup;
			children = (
				693B8F722928E982005BF8BC /* main.swift */,
			);
			path = Swift5.7;
			sourceTree = "<group>";
		};
/* End PBXGroup section */

/* Begin PBXNativeTarget section */
		6925658B29D72529002A2C28 /* Swift5.8 */ = {
			isa = PBXNativeTarget;
			buildConfigurationList = 6925659229D72529002A2C28 /* Build configuration list for PBXNativeTarget "Swift5.8" */;
			buildPhases = (
				6925658829D72529002A2C28 /* Sources */,
				6925658929D72529002A2C28 /* Frameworks */,
				6925658A29D72529002A2C28 /* CopyFiles */,
			);
			buildRules = (
			);
			dependencies = (
			);
			name = Swift5.8;
			productName = Swift5.8;
			productReference = 6925658C29D72529002A2C28 /* Swift5.8 */;
			productType = "com.apple.product-type.tool";
		};
		693B8F632928DE06005BF8BC /* any-some */ = {
			isa = PBXNativeTarget;
			buildConfigurationList = 693B8F682928DE06005BF8BC /* Build configuration list for PBXNativeTarget "any-some" */;
			buildPhases = (
				693B8F602928DE06005BF8BC /* Sources */,
				693B8F612928DE06005BF8BC /* Frameworks */,
				693B8F622928DE06005BF8BC /* CopyFiles */,
			);
			buildRules = (
			);
			dependencies = (
			);
			name = "any-some";
			productName = "any-some";
			productReference = 693B8F642928DE06005BF8BC /* any-some */;
			productType = "com.apple.product-type.tool";
		};
		693B8F6F2928E982005BF8BC /* Swift5.7 */ = {
			isa = PBXNativeTarget;
			buildConfigurationList = 693B8F742928E982005BF8BC /* Build configuration list for PBXNativeTarget "Swift5.7" */;
			buildPhases = (
				693B8F6C2928E982005BF8BC /* Sources */,
				693B8F6D2928E982005BF8BC /* Frameworks */,
				693B8F6E2928E982005BF8BC /* CopyFiles */,
			);
			buildRules = (
			);
			dependencies = (
			);
			name = Swift5.7;
			productName = Swift5.7;
			productReference = 693B8F702928E982005BF8BC /* Swift5.7 */;
			productType = "com.apple.product-type.tool";
		};
/* End PBXNativeTarget section */

/* Begin PBXProject section */
		693B8F4C2928DD4F005BF8BC /* Project object */ = {
			isa = PBXProject;
			attributes = {
				BuildIndependentTargetsInParallel = 1;
				LastSwiftUpdateCheck = 1410;
				LastUpgradeCheck = 1410;
				TargetAttributes = {
					6925658B29D72529002A2C28 = {
						CreatedOnToolsVersion = 14.1;
					};
					693B8F632928DE06005BF8BC = {
						CreatedOnToolsVersion = 14.1;
					};
					693B8F6F2928E982005BF8BC = {
						CreatedOnToolsVersion = 14.1;
					};
				};
			};
			buildConfigurationList = 693B8F4F2928DD4F005BF8BC /* Build configuration list for PBXProject "Swift-language" */;
			compatibilityVersion = "Xcode 14.0";
			developmentRegion = en;
			hasScannedForEncodings = 0;
			knownRegions = (
				en,
				Base,
			);
			mainGroup = 693B8F4B2928DD4F005BF8BC;
			productRefGroup = 693B8F552928DD4F005BF8BC /* Products */;
			projectDirPath = "";
			projectRoot = "";
			targets = (
				693B8F632928DE06005BF8BC /* any-some */,
				693B8F6F2928E982005BF8BC /* Swift5.7 */,
				6925658B29D72529002A2C28 /* Swift5.8 */,
			);
		};
/* End PBXProject section */

/* Begin PBXSourcesBuildPhase section */
		6925658829D72529002A2C28 /* Sources */ = {
			isa = PBXSourcesBuildPhase;
			buildActionMask = 2147483647;
			files = (
				6925658F29D72529002A2C28 /* main.swift in Sources */,
			);
			runOnlyForDeploymentPostprocessing = 0;
		};
		693B8F602928DE06005BF8BC /* Sources */ = {
			isa = PBXSourcesBuildPhase;
			buildActionMask = 2147483647;
			files = (
				693B8F6B2928E974005BF8BC /* PrintLog.swift in Sources */,
				693B8F672928DE06005BF8BC /* main.swift in Sources */,
			);
			runOnlyForDeploymentPostprocessing = 0;
		};
		693B8F6C2928E982005BF8BC /* Sources */ = {
			isa = PBXSourcesBuildPhase;
			buildActionMask = 2147483647;
			files = (
				693B8F772928E998005BF8BC /* PrintLog.swift in Sources */,
				693B8F732928E982005BF8BC /* main.swift in Sources */,
			);
			runOnlyForDeploymentPostprocessing = 0;
		};
/* End PBXSourcesBuildPhase section */

/* Begin XCBuildConfiguration section */
		6925659029D72529002A2C28 /* Debug */ = {
			isa = XCBuildConfiguration;
			buildSettings = {
				CODE_SIGN_STYLE = Automatic;
				DEVELOPMENT_TEAM = JHT4FL54H9;
				ENABLE_HARDENED_RUNTIME = YES;
				PRODUCT_NAME = "$(TARGET_NAME)";
				SWIFT_VERSION = 5.0;
			};
			name = Debug;
		};
		6925659129D72529002A2C28 /* Release */ = {
			isa = XCBuildConfiguration;
			buildSettings = {
				CODE_SIGN_STYLE = Automatic;
				DEVELOPMENT_TEAM = JHT4FL54H9;
				ENABLE_HARDENED_RUNTIME = YES;
				PRODUCT_NAME = "$(TARGET_NAME)";
				SWIFT_VERSION = 5.0;
			};
			name = Release;
		};
		693B8F592928DD4F005BF8BC /* Debug */ = {
			isa = XCBuildConfiguration;
			buildSettings = {
				ALWAYS_SEARCH_USER_PATHS = NO;
				CLANG_ANALYZER_NONNULL = YES;
				CLANG_ANALYZER_NUMBER_OBJECT_CONVERSION = YES_AGGRESSIVE;
				CLANG_CXX_LANGUAGE_STANDARD = "gnu++20";
				CLANG_ENABLE_MODULES = YES;
				CLANG_ENABLE_OBJC_ARC = YES;
				CLANG_ENABLE_OBJC_WEAK = YES;
				CLANG_WARN_BLOCK_CAPTURE_AUTORELEASING = YES;
				CLANG_WARN_BOOL_CONVERSION = YES;
				CLANG_WARN_COMMA = YES;
				CLANG_WARN_CONSTANT_CONVERSION = YES;
				CLANG_WARN_DEPRECATED_OBJC_IMPLEMENTATIONS = YES;
				CLANG_WARN_DIRECT_OBJC_ISA_USAGE = YES_ERROR;
				CLANG_WARN_DOCUMENTATION_COMMENTS = YES;
				CLANG_WARN_EMPTY_BODY = YES;
				CLANG_WARN_ENUM_CONVERSION = YES;
				CLANG_WARN_INFINITE_RECURSION = YES;
				CLANG_WARN_INT_CONVERSION = YES;
				CLANG_WARN_NON_LITERAL_NULL_CONVERSION = YES;
				CLANG_WARN_OBJC_IMPLICIT_RETAIN_SELF = YES;
				CLANG_WARN_OBJC_LITERAL_CONVERSION = YES;
				CLANG_WARN_OBJC_ROOT_CLASS = YES_ERROR;
				CLANG_WARN_QUOTED_INCLUDE_IN_FRAMEWORK_HEADER = YES;
				CLANG_WARN_RANGE_LOOP_ANALYSIS = YES;
				CLANG_WARN_STRICT_PROTOTYPES = YES;
				CLANG_WARN_SUSPICIOUS_MOVE = YES;
				CLANG_WARN_UNGUARDED_AVAILABILITY = YES_AGGRESSIVE;
				CLANG_WARN_UNREACHABLE_CODE = YES;
				CLANG_WARN__DUPLICATE_METHOD_MATCH = YES;
				COPY_PHASE_STRIP = NO;
				DEBUG_INFORMATION_FORMAT = dwarf;
				ENABLE_STRICT_OBJC_MSGSEND = YES;
				ENABLE_TESTABILITY = YES;
				GCC_C_LANGUAGE_STANDARD = gnu11;
				GCC_DYNAMIC_NO_PIC = NO;
				GCC_NO_COMMON_BLOCKS = YES;
				GCC_OPTIMIZATION_LEVEL = 0;
				GCC_PREPROCESSOR_DEFINITIONS = (
					"DEBUG=1",
					"$(inherited)",
				);
				GCC_WARN_64_TO_32_BIT_CONVERSION = YES;
				GCC_WARN_ABOUT_RETURN_TYPE = YES_ERROR;
				GCC_WARN_UNDECLARED_SELECTOR = YES;
				GCC_WARN_UNINITIALIZED_AUTOS = YES_AGGRESSIVE;
				GCC_WARN_UNUSED_FUNCTION = YES;
				GCC_WARN_UNUSED_VARIABLE = YES;
				MACOSX_DEPLOYMENT_TARGET = 13.0;
				MTL_ENABLE_DEBUG_INFO = INCLUDE_SOURCE;
				MTL_FAST_MATH = YES;
				ONLY_ACTIVE_ARCH = YES;
				OTHER_SWIFT_FLAGS = "-enable-upcoming-feature ConciseMagicFile";
				SDKROOT = macosx;
				SWIFT_ACTIVE_COMPILATION_CONDITIONS = DEBUG;
				SWIFT_OPTIMIZATION_LEVEL = "-Onone";
				SWIFT_VERSION = 5.0;
			};
			name = Debug;
		};
		693B8F5A2928DD4F005BF8BC /* Release */ = {
			isa = XCBuildConfiguration;
			buildSettings = {
				ALWAYS_SEARCH_USER_PATHS = NO;
				CLANG_ANALYZER_NONNULL = YES;
				CLANG_ANALYZER_NUMBER_OBJECT_CONVERSION = YES_AGGRESSIVE;
				CLANG_CXX_LANGUAGE_STANDARD = "gnu++20";
				CLANG_ENABLE_MODULES = YES;
				CLANG_ENABLE_OBJC_ARC = YES;
				CLANG_ENABLE_OBJC_WEAK = YES;
				CLANG_WARN_BLOCK_CAPTURE_AUTORELEASING = YES;
				CLANG_WARN_BOOL_CONVERSION = YES;
				CLANG_WARN_COMMA = YES;
				CLANG_WARN_CONSTANT_CONVERSION = YES;
				CLANG_WARN_DEPRECATED_OBJC_IMPLEMENTATIONS = YES;
				CLANG_WARN_DIRECT_OBJC_ISA_USAGE = YES_ERROR;
				CLANG_WARN_DOCUMENTATION_COMMENTS = YES;
				CLANG_WARN_EMPTY_BODY = YES;
				CLANG_WARN_ENUM_CONVERSION = YES;
				CLANG_WARN_INFINITE_RECURSION = YES;
				CLANG_WARN_INT_CONVERSION = YES;
				CLANG_WARN_NON_LITERAL_NULL_CONVERSION = YES;
				CLANG_WARN_OBJC_IMPLICIT_RETAIN_SELF = YES;
				CLANG_WARN_OBJC_LITERAL_CONVERSION = YES;
				CLANG_WARN_OBJC_ROOT_CLASS = YES_ERROR;
				CLANG_WARN_QUOTED_INCLUDE_IN_FRAMEWORK_HEADER = YES;
				CLANG_WARN_RANGE_LOOP_ANALYSIS = YES;
				CLANG_WARN_STRICT_PROTOTYPES = YES;
				CLANG_WARN_SUSPICIOUS_MOVE = YES;
				CLANG_WARN_UNGUARDED_AVAILABILITY = YES_AGGRESSIVE;
				CLANG_WARN_UNREACHABLE_CODE = YES;
				CLANG_WARN__DUPLICATE_METHOD_MATCH = YES;
				COPY_PHASE_STRIP = NO;
				DEBUG_INFORMATION_FORMAT = "dwarf-with-dsym";
				ENABLE_NS_ASSERTIONS = NO;
				ENABLE_STRICT_OBJC_MSGSEND = YES;
				GCC_C_LANGUAGE_STANDARD = gnu11;
				GCC_NO_COMMON_BLOCKS = YES;
				GCC_WARN_64_TO_32_BIT_CONVERSION = YES;
				GCC_WARN_ABOUT_RETURN_TYPE = YES_ERROR;
				GCC_WARN_UNDECLARED_SELECTOR = YES;
				GCC_WARN_UNINITIALIZED_AUTOS = YES_AGGRESSIVE;
				GCC_WARN_UNUSED_FUNCTION = YES;
				GCC_WARN_UNUSED_VARIABLE = YES;
				MACOSX_DEPLOYMENT_TARGET = 13.0;
				MTL_ENABLE_DEBUG_INFO = NO;
				MTL_FAST_MATH = YES;
				OTHER_SWIFT_FLAGS = "-enable-upcoming-feature ConciseMagicFile";
				SDKROOT = macosx;
				SWIFT_COMPILATION_MODE = wholemodule;
				SWIFT_OPTIMIZATION_LEVEL = "-O";
				SWIFT_VERSION = 5.0;
			};
			name = Release;
		};
		693B8F692928DE06005BF8BC /* Debug */ = {
			isa = XCBuildConfiguration;
			buildSettings = {
				CODE_SIGN_STYLE = Automatic;
				DEVELOPMENT_TEAM = JHT4FL54H9;
				ENABLE_HARDENED_RUNTIME = YES;
				PRODUCT_NAME = "$(TARGET_NAME)";
				SWIFT_VERSION = 5.0;
			};
			name = Debug;
		};
		693B8F6A2928DE06005BF8BC /* Release */ = {
			isa = XCBuildConfiguration;
			buildSettings = {
				CODE_SIGN_STYLE = Automatic;
				DEVELOPMENT_TEAM = JHT4FL54H9;
				ENABLE_HARDENED_RUNTIME = YES;
				PRODUCT_NAME = "$(TARGET_NAME)";
				SWIFT_VERSION = 5.0;
			};
			name = Release;
		};
		693B8F752928E982005BF8BC /* Debug */ = {
			isa = XCBuildConfiguration;
			buildSettings = {
				CODE_SIGN_STYLE = Automatic;
				DEVELOPMENT_TEAM = JHT4FL54H9;
				ENABLE_HARDENED_RUNTIME = YES;
				PRODUCT_NAME = "$(TARGET_NAME)";
				SWIFT_VERSION = 5.0;
			};
			name = Debug;
		};
		693B8F762928E982005BF8BC /* Release */ = {
			isa = XCBuildConfiguration;
			buildSettings = {
				CODE_SIGN_STYLE = Automatic;
				DEVELOPMENT_TEAM = JHT4FL54H9;
				ENABLE_HARDENED_RUNTIME = YES;
				PRODUCT_NAME = "$(TARGET_NAME)";
				SWIFT_VERSION = 5.0;
			};
			name = Release;
		};
/* End XCBuildConfiguration section */

/* Begin XCConfigurationList section */
		6925659229D72529002A2C28 /* Build configuration list for PBXNativeTarget "Swift5.8" */ = {
			isa = XCConfigurationList;
			buildConfigurations = (
				6925659029D72529002A2C28 /* Debug */,
				6925659129D72529002A2C28 /* Release */,
			);
			defaultConfigurationIsVisible = 0;
			defaultConfigurationName = Release;
		};
		693B8F4F2928DD4F005BF8BC /* Build configuration list for PBXProject "Swift-language" */ = {
			isa = XCConfigurationList;
			buildConfigurations = (
				693B8F592928DD4F005BF8BC /* Debug */,
				693B8F5A2928DD4F005BF8BC /* Release */,
			);
			defaultConfigurationIsVisible = 0;
			defaultConfigurationName = Release;
		};
		693B8F682928DE06005BF8BC /* Build configuration list for PBXNativeTarget "any-some" */ = {
			isa = XCConfigurationList;
			buildConfigurations = (
				693B8F692928DE06005BF8BC /* Debug */,
				693B8F6A2928DE06005BF8BC /* Release */,
			);
			defaultConfigurationIsVisible = 0;
			defaultConfigurationName = Release;
		};
		693B8F742928E982005BF8BC /* Build configuration list for PBXNativeTarget "Swift5.7" */ = {
			isa = XCConfigurationList;
			buildConfigurations = (
				693B8F752928E982005BF8BC /* Debug */,
				693B8F762928E982005BF8BC /* Release */,
			);
			defaultConfigurationIsVisible = 0;
			defaultConfigurationName = Release;
		};
/* End XCConfigurationList section */
	};
	rootObject = 693B8F4C2928DD4F005BF8BC /* Project object */;
}
